
Microsoft Visual Studio Solution File, Format Version 12.00
# Visual Studio 15
VisualStudioVersion = 15.0.27703.2042
MinimumVisualStudioVersion = 10.0.40219.1
Project("{FAE04EC0-301F-11D3-BF4B-00C04F79EFBC}") = "FrontEnd", "FrontEnd\FrontEnd.csproj", "{332D0AA4-3BAF-471B-BCEA-732699CA3BDA}"
EndProject
Global
	GlobalSection(SolutionConfigurationPlatforms) = preSolution
		Debug|Any CPU = Debug|Any CPU
		Release|Any CPU = Release|Any CPU
	EndGlobalSection
	GlobalSection(ProjectConfigurationPlatforms) = postSolution
		{332D0AA4-3BAF-471B-BCEA-732699CA3BDA}.Debug|Any CPU.ActiveCfg = Debug|Any CPU
		{332D0AA4-3BAF-471B-BCEA-732699CA3BDA}.Debug|Any CPU.Build.0 = Debug|Any CPU
		{332D0AA4-3BAF-471B-BCEA-732699CA3BDA}.Release|Any CPU.ActiveCfg = Release|Any CPU
		{332D0AA4-3BAF-471B-BCEA-732699CA3BDA}.Release|Any CPU.Build.0 = Release|Any CPU
	EndGlobalSection
	GlobalSection(SolutionProperties) = preSolution
		HideSolutionNode = FALSE
	EndGlobalSection
	GlobalSection(ExtensibilityGlobals) = postSolution
		SolutionGuid = {0F82B0DA-F61E-48DB-B4DC-7B48FD6EF5B8}
	EndGlobalSection
EndGlobal
